
Microsoft Visual Studio Solution File, Format Version 12.00
# Visual Studio Version 17
VisualStudioVersion = 17.3.32922.545
MinimumVisualStudioVersion = 10.0.40219.1
Project("{FAE04EC0-301F-11D3-BF4B-00C04F79EFBC}") = "Test1", "Test1\Test1.csproj", "{423FCADF-795A-4940-AE67-61F91414DA07}"
EndProject
Global
	GlobalSection(SolutionConfigurationPlatforms) = preSolution
		Debug|Any CPU = Debug|Any CPU
		Release|Any CPU = Release|Any CPU
	EndGlobalSection
	GlobalSection(ProjectConfigurationPlatforms) = postSolution
		{423FCADF-795A-4940-AE67-61F91414DA07}.Debug|Any CPU.ActiveCfg = Debug|Any CPU
		{423FCADF-795A-4940-AE67-61F91414DA07}.Debug|Any CPU.Build.0 = Debug|Any CPU
		{423FCADF-795A-4940-AE67-61F91414DA07}.Release|Any CPU.ActiveCfg = Release|Any CPU
		{423FCADF-795A-4940-AE67-61F91414DA07}.Release|Any CPU.Build.0 = Release|Any CPU
	EndGlobalSection
	GlobalSection(SolutionProperties) = preSolution
		HideSolutionNode = FALSE
	EndGlobalSection
	GlobalSection(ExtensibilityGlobals) = postSolution
		SolutionGuid = {CC409241-3E78-4BC3-94BB-6FADCF4B42C4}
	EndGlobalSection
EndGlobal
